
Microsoft Visual Studio Solution File, Format Version 12.00
# Visual Studio Version 16
VisualStudioVersion = 16.0.30907.101
MinimumVisualStudioVersion = 10.0.40219.1
Project("{FAE04EC0-301F-11D3-BF4B-00C04F79EFBC}") = "Lab2", "Lab2\Lab2.csproj", "{67960616-493A-4ED0-ADC0-9F31AA67C045}"
EndProject
Project("{FAE04EC0-301F-11D3-BF4B-00C04F79EFBC}") = "AccesoDatos", "AccesoDatos\AccesoDatos.csproj", "{EFEB1F5F-AE8B-4C22-8642-BCB552212150}"
EndProject
Project("{FAE04EC0-301F-11D3-BF4B-00C04F79EFBC}") = "Mail", "Mail\Mail.csproj", "{1270892B-1A61-4B3B-A231-C65B81D07D02}"
EndProject
Global
	GlobalSection(SolutionConfigurationPlatforms) = preSolution
		Debug|Any CPU = Debug|Any CPU
		Release|Any CPU = Release|Any CPU
	EndGlobalSection
	GlobalSection(ProjectConfigurationPlatforms) = postSolution
		{67960616-493A-4ED0-ADC0-9F31AA67C045}.Debug|Any CPU.ActiveCfg = Debug|Any CPU
		{67960616-493A-4ED0-ADC0-9F31AA67C045}.Debug|Any CPU.Build.0 = Debug|Any CPU
		{67960616-493A-4ED0-ADC0-9F31AA67C045}.Release|Any CPU.ActiveCfg = Release|Any CPU
		{67960616-493A-4ED0-ADC0-9F31AA67C045}.Release|Any CPU.Build.0 = Release|Any CPU
		{EFEB1F5F-AE8B-4C22-8642-BCB552212150}.Debug|Any CPU.ActiveCfg = Debug|Any CPU
		{EFEB1F5F-AE8B-4C22-8642-BCB552212150}.Debug|Any CPU.Build.0 = Debug|Any CPU
		{EFEB1F5F-AE8B-4C22-8642-BCB552212150}.Release|Any CPU.ActiveCfg = Release|Any CPU
		{EFEB1F5F-AE8B-4C22-8642-BCB552212150}.Release|Any CPU.Build.0 = Release|Any CPU
		{1270892B-1A61-4B3B-A231-C65B81D07D02}.Debug|Any CPU.ActiveCfg = Debug|Any CPU
		{1270892B-1A61-4B3B-A231-C65B81D07D02}.Debug|Any CPU.Build.0 = Debug|Any CPU
		{1270892B-1A61-4B3B-A231-C65B81D07D02}.Release|Any CPU.ActiveCfg = Release|Any CPU
		{1270892B-1A61-4B3B-A231-C65B81D07D02}.Release|Any CPU.Build.0 = Release|Any CPU
	EndGlobalSection
	GlobalSection(SolutionProperties) = preSolution
		HideSolutionNode = FALSE
	EndGlobalSection
	GlobalSection(ExtensibilityGlobals) = postSolution
		SolutionGuid = {BECFFDC5-2824-45A9-9E0D-7AD8FCB5715C}
	EndGlobalSection
EndGlobal
